schema: '2.0'
stages:
  fetch_v1:
    cmd: python trend_intelligence_pipeline/src/scraper.py --limit 300
    deps:
    - path: trend_intelligence_pipeline/src/scraper.py
      hash: md5
      md5: 628bde7b895b303cb8bde91f14f9973a
      size: 4262
    outs:
    - path: trend_intelligence_pipeline/data/raw/products_raw_300.json
      hash: md5
      md5: 8c4a2a2907b7a8dd63d6c23c68bd2a36
      size: 160812
  fetch_v2:
    cmd: python trend_intelligence_pipeline/src/scraper.py --limit 500
    deps:
    - path: trend_intelligence_pipeline/src/scraper.py
      hash: md5
      md5: 628bde7b895b303cb8bde91f14f9973a
      size: 4262
    outs:
    - path: trend_intelligence_pipeline/data/raw/products_raw_500.json
      hash: md5
      md5: 7bbab506d6ad5e4dc80438d341742fe3
      size: 269959
  preprocess:
    cmd: python trend_intelligence_pipeline/src/preprocess.py
    deps:
    - path: trend_intelligence_pipeline/data/raw/products_raw_500.json
      hash: md5
      md5: 7bbab506d6ad5e4dc80438d341742fe3
      size: 269959
    - path: trend_intelligence_pipeline/src/preprocess.py
      hash: md5
      md5: a147ece36b9bd6b28b25c4ca9f2be00b
      size: 1717
    outs:
    - path: trend_intelligence_pipeline/data/processed/products_clean.csv
      hash: md5
      md5: aa5e6ec24835f7fe203174e1fb03f126
      size: 98979
