schema: '2.0'
stages:
  fetch_v1:
    cmd: python trend_intelligence_pipeline/src/scraper.py --limit 300
    deps:
    - path: trend_intelligence_pipeline/src/scraper.py
      hash: md5
      md5: 628bde7b895b303cb8bde91f14f9973a
      size: 4262
    outs:
    - path: trend_intelligence_pipeline/data/raw/products_raw_300.json
      hash: md5
      md5: 8c4a2a2907b7a8dd63d6c23c68bd2a36
      size: 160812
  fetch_v2:
    cmd: python trend_intelligence_pipeline/src/scraper.py --limit 500
    deps:
    - path: trend_intelligence_pipeline/src/scraper.py
      hash: md5
      md5: 628bde7b895b303cb8bde91f14f9973a
      size: 4262
    outs:
    - path: trend_intelligence_pipeline/data/raw/products_raw_500.json
      hash: md5
      md5: 7bbab506d6ad5e4dc80438d341742fe3
      size: 269959
  preprocess:
    cmd: python trend_intelligence_pipeline/src/preprocess.py
    deps:
    - path: trend_intelligence_pipeline/data/raw/products_raw_500.json
      hash: md5
      md5: 7bbab506d6ad5e4dc80438d341742fe3
      size: 269959
    - path: trend_intelligence_pipeline/src/preprocess.py
      hash: md5
      md5: a147ece36b9bd6b28b25c4ca9f2be00b
      size: 1717
    outs:
    - path: trend_intelligence_pipeline/data/processed/products_clean.csv
      hash: md5
      md5: aa5e6ec24835f7fe203174e1fb03f126
      size: 98979
  featurize:
    cmd: python trend_intelligence_pipeline/src/feature_engineering.py
    deps:
    - path: trend_intelligence_pipeline/data/processed/products_clean.csv
      hash: md5
      md5: aa5e6ec24835f7fe203174e1fb03f126
      size: 98979
    - path: trend_intelligence_pipeline/src/feature_engineering.py
      hash: md5
      md5: f7016e41a64e5501da3bdb5e6696c9fd
      size: 1568
    outs:
    - path: trend_intelligence_pipeline/data/features/bow_matrix.npy
      hash: md5
      md5: e3de97ba5a6968ef1398c1e98aa85364
      size: 7708128
    - path: trend_intelligence_pipeline/data/features/vocab.json
      hash: md5
      md5: 3d8c241b30ece7c70d1e2e233c33f71d
      size: 31327
